
Microsoft Visual Studio Solution File, Format Version 12.00
# Visual Studio 15
VisualStudioVersion = 15.0.28307.329
MinimumVisualStudioVersion = 10.0.40219.1
Project("{888888A0-9F3D-457C-B088-3A5042F75D52}") = "IdleBot", "IdleBot\IdleBot.pyproj", "{D88C4C08-B707-4AE9-9629-DA11664C2F41}"
EndProject
Global
	GlobalSection(SolutionConfigurationPlatforms) = preSolution
		Debug|Any CPU = Debug|Any CPU
		Release|Any CPU = Release|Any CPU
	EndGlobalSection
	GlobalSection(ProjectConfigurationPlatforms) = postSolution
		{D88C4C08-B707-4AE9-9629-DA11664C2F41}.Debug|Any CPU.ActiveCfg = Debug|Any CPU
		{D88C4C08-B707-4AE9-9629-DA11664C2F41}.Release|Any CPU.ActiveCfg = Release|Any CPU
	EndGlobalSection
	GlobalSection(SolutionProperties) = preSolution
		HideSolutionNode = FALSE
	EndGlobalSection
	GlobalSection(ExtensibilityGlobals) = postSolution
		SolutionGuid = {0B908B9B-EA5F-495E-900A-E7E9CC976225}
	EndGlobalSection
EndGlobal
